github.com/liangyaopei/structmap v0.0.0-20200911074950-0e2911025a96 h1:wjWIOgc4tpkQJuw5WLehWuQ6Kv/tnHCOhTjGzkceoug=
github.com/liangyaopei/structmap v0.0.0-20200911074950-0e2911025a96/go.mod h1:EdxUW3iYUkIyo/D7AyHR/Bfon7d6PqFtJSJ7vCifE20=
github.com/wxnacy/wgo v1.0.4 h1:UEkzjlW3pMAXcTUCgMekrCvFYLKKwc0p5GAQrMIphs8=
github.com/wxnacy/wgo v1.0.4/go.mod h1:8hqUwCgvMGgAIr4MLIeFur2YXS/Ns3vbyx5abx0e8iM=
